
Microsoft Visual Studio Solution File, Format Version 12.00
# Visual Studio 15
VisualStudioVersion = 15.0.27130.2036
MinimumVisualStudioVersion = 10.0.40219.1
Project("{9A19103F-16F7-4668-BE54-9A1E7A4F7556}") = "PatternsRefresh", "PatternsRefresh\PatternsRefresh.csproj", "{6DB7A6CC-D96C-4EFC-8643-3D2AEBDB580D}"
EndProject
Project("{9A19103F-16F7-4668-BE54-9A1E7A4F7556}") = "MediatorDesignPattern", "MediatorDesignPattern\MediatorDesignPattern.csproj", "{BE60F167-B8D1-4F73-8DD7-28B54955C641}"
EndProject
Project("{9A19103F-16F7-4668-BE54-9A1E7A4F7556}") = "AbstractFactoryDesignPattern", "AbstractFactoryDesignPattern\AbstractFactoryDesignPattern.csproj", "{5A122C7F-2C55-41E4-AEA9-34666E4900DA}"
EndProject
Project("{9A19103F-16F7-4668-BE54-9A1E7A4F7556}") = "FactoryDesignPattern", "FactoryDesignPattern\FactoryDesignPattern.csproj", "{F826B983-AFEA-46B9-B18B-9E28D6BB0151}"
EndProject
Project("{9A19103F-16F7-4668-BE54-9A1E7A4F7556}") = "SingletonCreationalPattern", "SingletonDesignPattern\SingletonCreationalPattern.csproj", "{BDFD9F36-4B1F-469D-9D6F-D0DDE4A635A3}"
EndProject
Project("{9A19103F-16F7-4668-BE54-9A1E7A4F7556}") = "BuilderCreationalPattern", "BuilderCreationalPattern\BuilderCreationalPattern.csproj", "{18F13458-C9C0-4874-8DF8-037C9B85E18C}"
EndProject
Project("{9A19103F-16F7-4668-BE54-9A1E7A4F7556}") = "PrototypeCreationalPattern", "PrototypeCreationalPattern\PrototypeCreationalPattern.csproj", "{215DC6A5-73F9-47E3-A913-755574194A59}"
EndProject
Project("{9A19103F-16F7-4668-BE54-9A1E7A4F7556}") = "AdapterStructuralPattern", "AdapterStructuralPattern\AdapterStructuralPattern.csproj", "{428E27CE-EBE7-49BD-8103-9826B80CCDEF}"
EndProject
Project("{9A19103F-16F7-4668-BE54-9A1E7A4F7556}") = "BridgeStructuralPattern", "BridgeStructuralPattern\BridgeStructuralPattern.csproj", "{A649284D-3785-49D0-B6B8-26C2725B2613}"
EndProject
Project("{9A19103F-16F7-4668-BE54-9A1E7A4F7556}") = "CompositeStructuralPattern", "CompositeStructuralPattern\CompositeStructuralPattern.csproj", "{0A9A4369-4517-4C9A-8605-3D7672E04448}"
EndProject
Project("{9A19103F-16F7-4668-BE54-9A1E7A4F7556}") = "DecoratorStructuralPattern", "DecoratorStructuralPattern\DecoratorStructuralPattern.csproj", "{82F4C6FB-C090-4078-98D5-A41798844167}"
EndProject
Project("{9A19103F-16F7-4668-BE54-9A1E7A4F7556}") = "FacadeStructuralPattern", "FacadeStructuralPattern\FacadeStructuralPattern.csproj", "{AA367181-9C2E-4E95-A6B9-4FD3AF6B372F}"
EndProject
Project("{9A19103F-16F7-4668-BE54-9A1E7A4F7556}") = "FlyweightStructuralPattern", "FlyweightStructuralPattern\FlyweightStructuralPattern.csproj", "{75D99577-6415-454F-A40B-EEBE6DB4E567}"
EndProject
Project("{9A19103F-16F7-4668-BE54-9A1E7A4F7556}") = "ProxyStructuralPattern", "ProxyStructuralPattern\ProxyStructuralPattern.csproj", "{28BFD4B9-970D-4C7C-AB49-DFA27939521C}"
EndProject
Project("{9A19103F-16F7-4668-BE54-9A1E7A4F7556}") = "ChainOfResponsabilityBehavioralPattern", "ChainOfResponsabilityBehavioralPattern\ChainOfResponsabilityBehavioralPattern.csproj", "{80A97C6C-D381-438A-9567-5EB569A285F7}"
EndProject
Project("{9A19103F-16F7-4668-BE54-9A1E7A4F7556}") = "CommandBehavioralPattern", "CommandBehavioralPattern\CommandBehavioralPattern.csproj", "{17CD2C2F-778D-4FD1-9C0A-DBD23F629E1C}"
EndProject
Project("{9A19103F-16F7-4668-BE54-9A1E7A4F7556}") = "InterpreterBehavioralPattern", "InterpreterBehavioralPattern\InterpreterBehavioralPattern.csproj", "{14B915EE-0734-44B9-BD75-5ABAC046434B}"
EndProject
Project("{9A19103F-16F7-4668-BE54-9A1E7A4F7556}") = "IteratorBahavioralPattern", "IteratorBahavioralPattern\IteratorBahavioralPattern.csproj", "{1EE4601E-43C2-4A38-8556-CD2802E54B45}"
EndProject
Project("{9A19103F-16F7-4668-BE54-9A1E7A4F7556}") = "MementoBehavioralPattern", "MementoBehavioralPattern\MementoBehavioralPattern.csproj", "{66D9FA0D-4AF2-4CC1-8449-FA5ECE29CC2B}"
EndProject
Project("{FAE04EC0-301F-11D3-BF4B-00C04F79EFBC}") = "ObserverBehavioralPattern", "ObserverBehavioralPattern\ObserverBehavioralPattern.csproj", "{92543CD6-1331-4B3D-9A30-955E812FBB01}"
EndProject
Project("{FAE04EC0-301F-11D3-BF4B-00C04F79EFBC}") = "StateBehavioralPattern", "StateBehavioralPattern\StateBehavioralPattern.csproj", "{9CDF379C-1CD9-4AE4-AFD6-273D2E54B7F8}"
EndProject
Global
	GlobalSection(SolutionConfigurationPlatforms) = preSolution
		Debug|Any CPU = Debug|Any CPU
		Release|Any CPU = Release|Any CPU
	EndGlobalSection
	GlobalSection(ProjectConfigurationPlatforms) = postSolution
		{6DB7A6CC-D96C-4EFC-8643-3D2AEBDB580D}.Debug|Any CPU.ActiveCfg = Debug|Any CPU
		{6DB7A6CC-D96C-4EFC-8643-3D2AEBDB580D}.Debug|Any CPU.Build.0 = Debug|Any CPU
		{6DB7A6CC-D96C-4EFC-8643-3D2AEBDB580D}.Release|Any CPU.ActiveCfg = Release|Any CPU
		{6DB7A6CC-D96C-4EFC-8643-3D2AEBDB580D}.Release|Any CPU.Build.0 = Release|Any CPU
		{BE60F167-B8D1-4F73-8DD7-28B54955C641}.Debug|Any CPU.ActiveCfg = Debug|Any CPU
		{BE60F167-B8D1-4F73-8DD7-28B54955C641}.Debug|Any CPU.Build.0 = Debug|Any CPU
		{BE60F167-B8D1-4F73-8DD7-28B54955C641}.Release|Any CPU.ActiveCfg = Release|Any CPU
		{BE60F167-B8D1-4F73-8DD7-28B54955C641}.Release|Any CPU.Build.0 = Release|Any CPU
		{5A122C7F-2C55-41E4-AEA9-34666E4900DA}.Debug|Any CPU.ActiveCfg = Debug|Any CPU
		{5A122C7F-2C55-41E4-AEA9-34666E4900DA}.Debug|Any CPU.Build.0 = Debug|Any CPU
		{5A122C7F-2C55-41E4-AEA9-34666E4900DA}.Release|Any CPU.ActiveCfg = Release|Any CPU
		{5A122C7F-2C55-41E4-AEA9-34666E4900DA}.Release|Any CPU.Build.0 = Release|Any CPU
		{F826B983-AFEA-46B9-B18B-9E28D6BB0151}.Debug|Any CPU.ActiveCfg = Debug|Any CPU
		{F826B983-AFEA-46B9-B18B-9E28D6BB0151}.Debug|Any CPU.Build.0 = Debug|Any CPU
		{F826B983-AFEA-46B9-B18B-9E28D6BB0151}.Release|Any CPU.ActiveCfg = Release|Any CPU
		{F826B983-AFEA-46B9-B18B-9E28D6BB0151}.Release|Any CPU.Build.0 = Release|Any CPU
		{BDFD9F36-4B1F-469D-9D6F-D0DDE4A635A3}.Debug|Any CPU.ActiveCfg = Debug|Any CPU
		{BDFD9F36-4B1F-469D-9D6F-D0DDE4A635A3}.Debug|Any CPU.Build.0 = Debug|Any CPU
		{BDFD9F36-4B1F-469D-9D6F-D0DDE4A635A3}.Release|Any CPU.ActiveCfg = Release|Any CPU
		{BDFD9F36-4B1F-469D-9D6F-D0DDE4A635A3}.Release|Any CPU.Build.0 = Release|Any CPU
		{18F13458-C9C0-4874-8DF8-037C9B85E18C}.Debug|Any CPU.ActiveCfg = Debug|Any CPU
		{18F13458-C9C0-4874-8DF8-037C9B85E18C}.Debug|Any CPU.Build.0 = Debug|Any CPU
		{18F13458-C9C0-4874-8DF8-037C9B85E18C}.Release|Any CPU.ActiveCfg = Release|Any CPU
		{18F13458-C9C0-4874-8DF8-037C9B85E18C}.Release|Any CPU.Build.0 = Release|Any CPU
		{215DC6A5-73F9-47E3-A913-755574194A59}.Debug|Any CPU.ActiveCfg = Debug|Any CPU
		{215DC6A5-73F9-47E3-A913-755574194A59}.Debug|Any CPU.Build.0 = Debug|Any CPU
		{215DC6A5-73F9-47E3-A913-755574194A59}.Release|Any CPU.ActiveCfg = Release|Any CPU
		{215DC6A5-73F9-47E3-A913-755574194A59}.Release|Any CPU.Build.0 = Release|Any CPU
		{428E27CE-EBE7-49BD-8103-9826B80CCDEF}.Debug|Any CPU.ActiveCfg = Debug|Any CPU
		{428E27CE-EBE7-49BD-8103-9826B80CCDEF}.Debug|Any CPU.Build.0 = Debug|Any CPU
		{428E27CE-EBE7-49BD-8103-9826B80CCDEF}.Release|Any CPU.ActiveCfg = Release|Any CPU
		{428E27CE-EBE7-49BD-8103-9826B80CCDEF}.Release|Any CPU.Build.0 = Release|Any CPU
		{A649284D-3785-49D0-B6B8-26C2725B2613}.Debug|Any CPU.ActiveCfg = Debug|Any CPU
		{A649284D-3785-49D0-B6B8-26C2725B2613}.Debug|Any CPU.Build.0 = Debug|Any CPU
		{A649284D-3785-49D0-B6B8-26C2725B2613}.Release|Any CPU.ActiveCfg = Release|Any CPU
		{A649284D-3785-49D0-B6B8-26C2725B2613}.Release|Any CPU.Build.0 = Release|Any CPU
		{0A9A4369-4517-4C9A-8605-3D7672E04448}.Debug|Any CPU.ActiveCfg = Debug|Any CPU
		{0A9A4369-4517-4C9A-8605-3D7672E04448}.Debug|Any CPU.Build.0 = Debug|Any CPU
		{0A9A4369-4517-4C9A-8605-3D7672E04448}.Release|Any CPU.ActiveCfg = Release|Any CPU
		{0A9A4369-4517-4C9A-8605-3D7672E04448}.Release|Any CPU.Build.0 = Release|Any CPU
		{82F4C6FB-C090-4078-98D5-A41798844167}.Debug|Any CPU.ActiveCfg = Debug|Any CPU
		{82F4C6FB-C090-4078-98D5-A41798844167}.Debug|Any CPU.Build.0 = Debug|Any CPU
		{82F4C6FB-C090-4078-98D5-A41798844167}.Release|Any CPU.ActiveCfg = Release|Any CPU
		{82F4C6FB-C090-4078-98D5-A41798844167}.Release|Any CPU.Build.0 = Release|Any CPU
		{AA367181-9C2E-4E95-A6B9-4FD3AF6B372F}.Debug|Any CPU.ActiveCfg = Debug|Any CPU
		{AA367181-9C2E-4E95-A6B9-4FD3AF6B372F}.Debug|Any CPU.Build.0 = Debug|Any CPU
		{AA367181-9C2E-4E95-A6B9-4FD3AF6B372F}.Release|Any CPU.ActiveCfg = Release|Any CPU
		{AA367181-9C2E-4E95-A6B9-4FD3AF6B372F}.Release|Any CPU.Build.0 = Release|Any CPU
		{75D99577-6415-454F-A40B-EEBE6DB4E567}.Debug|Any CPU.ActiveCfg = Debug|Any CPU
		{75D99577-6415-454F-A40B-EEBE6DB4E567}.Debug|Any CPU.Build.0 = Debug|Any CPU
		{75D99577-6415-454F-A40B-EEBE6DB4E567}.Release|Any CPU.ActiveCfg = Release|Any CPU
		{75D99577-6415-454F-A40B-EEBE6DB4E567}.Release|Any CPU.Build.0 = Release|Any CPU
		{28BFD4B9-970D-4C7C-AB49-DFA27939521C}.Debug|Any CPU.ActiveCfg = Debug|Any CPU
		{28BFD4B9-970D-4C7C-AB49-DFA27939521C}.Debug|Any CPU.Build.0 = Debug|Any CPU
		{28BFD4B9-970D-4C7C-AB49-DFA27939521C}.Release|Any CPU.ActiveCfg = Release|Any CPU
		{28BFD4B9-970D-4C7C-AB49-DFA27939521C}.Release|Any CPU.Build.0 = Release|Any CPU
		{80A97C6C-D381-438A-9567-5EB569A285F7}.Debug|Any CPU.ActiveCfg = Debug|Any CPU
		{80A97C6C-D381-438A-9567-5EB569A285F7}.Debug|Any CPU.Build.0 = Debug|Any CPU
		{80A97C6C-D381-438A-9567-5EB569A285F7}.Release|Any CPU.ActiveCfg = Release|Any CPU
		{80A97C6C-D381-438A-9567-5EB569A285F7}.Release|Any CPU.Build.0 = Release|Any CPU
		{17CD2C2F-778D-4FD1-9C0A-DBD23F629E1C}.Debug|Any CPU.ActiveCfg = Debug|Any CPU
		{17CD2C2F-778D-4FD1-9C0A-DBD23F629E1C}.Debug|Any CPU.Build.0 = Debug|Any CPU
		{17CD2C2F-778D-4FD1-9C0A-DBD23F629E1C}.Release|Any CPU.ActiveCfg = Release|Any CPU
		{17CD2C2F-778D-4FD1-9C0A-DBD23F629E1C}.Release|Any CPU.Build.0 = Release|Any CPU
		{14B915EE-0734-44B9-BD75-5ABAC046434B}.Debug|Any CPU.ActiveCfg = Debug|Any CPU
		{14B915EE-0734-44B9-BD75-5ABAC046434B}.Debug|Any CPU.Build.0 = Debug|Any CPU
		{14B915EE-0734-44B9-BD75-5ABAC046434B}.Release|Any CPU.ActiveCfg = Release|Any CPU
		{14B915EE-0734-44B9-BD75-5ABAC046434B}.Release|Any CPU.Build.0 = Release|Any CPU
		{1EE4601E-43C2-4A38-8556-CD2802E54B45}.Debug|Any CPU.ActiveCfg = Debug|Any CPU
		{1EE4601E-43C2-4A38-8556-CD2802E54B45}.Debug|Any CPU.Build.0 = Debug|Any CPU
		{1EE4601E-43C2-4A38-8556-CD2802E54B45}.Release|Any CPU.ActiveCfg = Release|Any CPU
		{1EE4601E-43C2-4A38-8556-CD2802E54B45}.Release|Any CPU.Build.0 = Release|Any CPU
		{66D9FA0D-4AF2-4CC1-8449-FA5ECE29CC2B}.Debug|Any CPU.ActiveCfg = Debug|Any CPU
		{66D9FA0D-4AF2-4CC1-8449-FA5ECE29CC2B}.Debug|Any CPU.Build.0 = Debug|Any CPU
		{66D9FA0D-4AF2-4CC1-8449-FA5ECE29CC2B}.Release|Any CPU.ActiveCfg = Release|Any CPU
		{66D9FA0D-4AF2-4CC1-8449-FA5ECE29CC2B}.Release|Any CPU.Build.0 = Release|Any CPU
		{92543CD6-1331-4B3D-9A30-955E812FBB01}.Debug|Any CPU.ActiveCfg = Debug|Any CPU
		{92543CD6-1331-4B3D-9A30-955E812FBB01}.Debug|Any CPU.Build.0 = Debug|Any CPU
		{92543CD6-1331-4B3D-9A30-955E812FBB01}.Release|Any CPU.ActiveCfg = Release|Any CPU
		{92543CD6-1331-4B3D-9A30-955E812FBB01}.Release|Any CPU.Build.0 = Release|Any CPU
		{9CDF379C-1CD9-4AE4-AFD6-273D2E54B7F8}.Debug|Any CPU.ActiveCfg = Debug|Any CPU
		{9CDF379C-1CD9-4AE4-AFD6-273D2E54B7F8}.Debug|Any CPU.Build.0 = Debug|Any CPU
		{9CDF379C-1CD9-4AE4-AFD6-273D2E54B7F8}.Release|Any CPU.ActiveCfg = Release|Any CPU
		{9CDF379C-1CD9-4AE4-AFD6-273D2E54B7F8}.Release|Any CPU.Build.0 = Release|Any CPU
	EndGlobalSection
	GlobalSection(SolutionProperties) = preSolution
		HideSolutionNode = FALSE
	EndGlobalSection
	GlobalSection(ExtensibilityGlobals) = postSolution
		SolutionGuid = {8F77BE41-71AE-4B07-9789-7C6344977A9B}
	EndGlobalSection
EndGlobal
