
Microsoft Visual Studio Solution File, Format Version 12.00
# Visual Studio 15
VisualStudioVersion = 15.0.27130.2036
MinimumVisualStudioVersion = 10.0.40219.1
Project("{9A19103F-16F7-4668-BE54-9A1E7A4F7556}") = "PatternsRefresh", "PatternsRefresh\PatternsRefresh.csproj", "{6DB7A6CC-D96C-4EFC-8643-3D2AEBDB580D}"
EndProject
Project("{9A19103F-16F7-4668-BE54-9A1E7A4F7556}") = "MediatorDesignPattern", "MediatorDesignPattern\MediatorDesignPattern.csproj", "{BE60F167-B8D1-4F73-8DD7-28B54955C641}"
EndProject
Project("{9A19103F-16F7-4668-BE54-9A1E7A4F7556}") = "AbstractFactoryDesignPattern", "AbstractFactoryDesignPattern\AbstractFactoryDesignPattern.csproj", "{5A122C7F-2C55-41E4-AEA9-34666E4900DA}"
EndProject
Project("{9A19103F-16F7-4668-BE54-9A1E7A4F7556}") = "FactoryDesignPattern", "FactoryDesignPattern\FactoryDesignPattern.csproj", "{F826B983-AFEA-46B9-B18B-9E28D6BB0151}"
EndProject
Project("{9A19103F-16F7-4668-BE54-9A1E7A4F7556}") = "SingletonCreationalPattern", "SingletonDesignPattern\SingletonCreationalPattern.csproj", "{BDFD9F36-4B1F-469D-9D6F-D0DDE4A635A3}"
EndProject
Project("{9A19103F-16F7-4668-BE54-9A1E7A4F7556}") = "BuilderCreationalPattern", "BuilderCreationalPattern\BuilderCreationalPattern.csproj", "{18F13458-C9C0-4874-8DF8-037C9B85E18C}"
EndProject
Project("{9A19103F-16F7-4668-BE54-9A1E7A4F7556}") = "PrototypeCreationalPattern", "PrototypeCreationalPattern\PrototypeCreationalPattern.csproj", "{215DC6A5-73F9-47E3-A913-755574194A59}"
EndProject
Project("{FAE04EC0-301F-11D3-BF4B-00C04F79EFBC}") = "AdapterStructuralPattern", "AdapterStructuralPattern\AdapterStructuralPattern.csproj", "{428E27CE-EBE7-49BD-8103-9826B80CCDEF}"
EndProject
Global
	GlobalSection(SolutionConfigurationPlatforms) = preSolution
		Debug|Any CPU = Debug|Any CPU
		Release|Any CPU = Release|Any CPU
	EndGlobalSection
	GlobalSection(ProjectConfigurationPlatforms) = postSolution
		{6DB7A6CC-D96C-4EFC-8643-3D2AEBDB580D}.Debug|Any CPU.ActiveCfg = Debug|Any CPU
		{6DB7A6CC-D96C-4EFC-8643-3D2AEBDB580D}.Debug|Any CPU.Build.0 = Debug|Any CPU
		{6DB7A6CC-D96C-4EFC-8643-3D2AEBDB580D}.Release|Any CPU.ActiveCfg = Release|Any CPU
		{6DB7A6CC-D96C-4EFC-8643-3D2AEBDB580D}.Release|Any CPU.Build.0 = Release|Any CPU
		{BE60F167-B8D1-4F73-8DD7-28B54955C641}.Debug|Any CPU.ActiveCfg = Debug|Any CPU
		{BE60F167-B8D1-4F73-8DD7-28B54955C641}.Debug|Any CPU.Build.0 = Debug|Any CPU
		{BE60F167-B8D1-4F73-8DD7-28B54955C641}.Release|Any CPU.ActiveCfg = Release|Any CPU
		{BE60F167-B8D1-4F73-8DD7-28B54955C641}.Release|Any CPU.Build.0 = Release|Any CPU
		{5A122C7F-2C55-41E4-AEA9-34666E4900DA}.Debug|Any CPU.ActiveCfg = Debug|Any CPU
		{5A122C7F-2C55-41E4-AEA9-34666E4900DA}.Debug|Any CPU.Build.0 = Debug|Any CPU
		{5A122C7F-2C55-41E4-AEA9-34666E4900DA}.Release|Any CPU.ActiveCfg = Release|Any CPU
		{5A122C7F-2C55-41E4-AEA9-34666E4900DA}.Release|Any CPU.Build.0 = Release|Any CPU
		{F826B983-AFEA-46B9-B18B-9E28D6BB0151}.Debug|Any CPU.ActiveCfg = Debug|Any CPU
		{F826B983-AFEA-46B9-B18B-9E28D6BB0151}.Debug|Any CPU.Build.0 = Debug|Any CPU
		{F826B983-AFEA-46B9-B18B-9E28D6BB0151}.Release|Any CPU.ActiveCfg = Release|Any CPU
		{F826B983-AFEA-46B9-B18B-9E28D6BB0151}.Release|Any CPU.Build.0 = Release|Any CPU
		{BDFD9F36-4B1F-469D-9D6F-D0DDE4A635A3}.Debug|Any CPU.ActiveCfg = Debug|Any CPU
		{BDFD9F36-4B1F-469D-9D6F-D0DDE4A635A3}.Debug|Any CPU.Build.0 = Debug|Any CPU
		{BDFD9F36-4B1F-469D-9D6F-D0DDE4A635A3}.Release|Any CPU.ActiveCfg = Release|Any CPU
		{BDFD9F36-4B1F-469D-9D6F-D0DDE4A635A3}.Release|Any CPU.Build.0 = Release|Any CPU
		{18F13458-C9C0-4874-8DF8-037C9B85E18C}.Debug|Any CPU.ActiveCfg = Debug|Any CPU
		{18F13458-C9C0-4874-8DF8-037C9B85E18C}.Debug|Any CPU.Build.0 = Debug|Any CPU
		{18F13458-C9C0-4874-8DF8-037C9B85E18C}.Release|Any CPU.ActiveCfg = Release|Any CPU
		{18F13458-C9C0-4874-8DF8-037C9B85E18C}.Release|Any CPU.Build.0 = Release|Any CPU
		{215DC6A5-73F9-47E3-A913-755574194A59}.Debug|Any CPU.ActiveCfg = Debug|Any CPU
		{215DC6A5-73F9-47E3-A913-755574194A59}.Debug|Any CPU.Build.0 = Debug|Any CPU
		{215DC6A5-73F9-47E3-A913-755574194A59}.Release|Any CPU.ActiveCfg = Release|Any CPU
		{215DC6A5-73F9-47E3-A913-755574194A59}.Release|Any CPU.Build.0 = Release|Any CPU
		{428E27CE-EBE7-49BD-8103-9826B80CCDEF}.Debug|Any CPU.ActiveCfg = Debug|Any CPU
		{428E27CE-EBE7-49BD-8103-9826B80CCDEF}.Debug|Any CPU.Build.0 = Debug|Any CPU
		{428E27CE-EBE7-49BD-8103-9826B80CCDEF}.Release|Any CPU.ActiveCfg = Release|Any CPU
		{428E27CE-EBE7-49BD-8103-9826B80CCDEF}.Release|Any CPU.Build.0 = Release|Any CPU
	EndGlobalSection
	GlobalSection(SolutionProperties) = preSolution
		HideSolutionNode = FALSE
	EndGlobalSection
	GlobalSection(ExtensibilityGlobals) = postSolution
		SolutionGuid = {8F77BE41-71AE-4B07-9789-7C6344977A9B}
	EndGlobalSection
EndGlobal
